
Microsoft Visual Studio Solution File, Format Version 12.00
# Visual Studio 2013
VisualStudioVersion = 12.0.30110.0
MinimumVisualStudioVersion = 10.0.40219.1
Project("{FAE04EC0-301F-11D3-BF4B-00C04F79EFBC}") = "ProjectTC", "ProjectTC\ProjectTC.csproj", "{A2213C7E-E388-4826-81CD-66FBD163602E}"
EndProject
Project("{FAE04EC0-301F-11D3-BF4B-00C04F79EFBC}") = "Mvvm", "ProjectTC\Mvvm\Mvvm.csproj", "{C7632289-7FC6-4C41-87E5-8FDD02A49AE7}"
EndProject
Project("{FAE04EC0-301F-11D3-BF4B-00C04F79EFBC}") = "ResourceBox", "ProjectTC\ResourceBox\ResourceBox.csproj", "{7AC96A38-3904-4615-A289-F9017A816A88}"
EndProject
Project("{FAE04EC0-301F-11D3-BF4B-00C04F79EFBC}") = "Framework", "ProjectTC\Framework\Framework.csproj", "{D8FE3BDA-AFA9-4F82-8953-8A82ACB9AFFF}"
EndProject
Global
	GlobalSection(SubversionScc) = preSolution
	EndGlobalSection
	GlobalSection(SolutionConfigurationPlatforms) = preSolution
		Debug|Any CPU = Debug|Any CPU
		Release|Any CPU = Release|Any CPU
	EndGlobalSection
	GlobalSection(ProjectConfigurationPlatforms) = postSolution
		{A2213C7E-E388-4826-81CD-66FBD163602E}.Debug|Any CPU.ActiveCfg = Debug|Any CPU
		{A2213C7E-E388-4826-81CD-66FBD163602E}.Debug|Any CPU.Build.0 = Debug|Any CPU
		{A2213C7E-E388-4826-81CD-66FBD163602E}.Release|Any CPU.ActiveCfg = Release|Any CPU
		{A2213C7E-E388-4826-81CD-66FBD163602E}.Release|Any CPU.Build.0 = Release|Any CPU
		{C7632289-7FC6-4C41-87E5-8FDD02A49AE7}.Debug|Any CPU.ActiveCfg = Debug|Any CPU
		{C7632289-7FC6-4C41-87E5-8FDD02A49AE7}.Debug|Any CPU.Build.0 = Debug|Any CPU
		{C7632289-7FC6-4C41-87E5-8FDD02A49AE7}.Release|Any CPU.ActiveCfg = Release|Any CPU
		{C7632289-7FC6-4C41-87E5-8FDD02A49AE7}.Release|Any CPU.Build.0 = Release|Any CPU
		{7AC96A38-3904-4615-A289-F9017A816A88}.Debug|Any CPU.ActiveCfg = Debug|Any CPU
		{7AC96A38-3904-4615-A289-F9017A816A88}.Debug|Any CPU.Build.0 = Debug|Any CPU
		{7AC96A38-3904-4615-A289-F9017A816A88}.Release|Any CPU.ActiveCfg = Release|Any CPU
		{7AC96A38-3904-4615-A289-F9017A816A88}.Release|Any CPU.Build.0 = Release|Any CPU
		{D8FE3BDA-AFA9-4F82-8953-8A82ACB9AFFF}.Debug|Any CPU.ActiveCfg = Debug|Any CPU
		{D8FE3BDA-AFA9-4F82-8953-8A82ACB9AFFF}.Debug|Any CPU.Build.0 = Debug|Any CPU
		{D8FE3BDA-AFA9-4F82-8953-8A82ACB9AFFF}.Release|Any CPU.ActiveCfg = Release|Any CPU
		{D8FE3BDA-AFA9-4F82-8953-8A82ACB9AFFF}.Release|Any CPU.Build.0 = Release|Any CPU
	EndGlobalSection
	GlobalSection(SolutionProperties) = preSolution
		HideSolutionNode = FALSE
	EndGlobalSection
EndGlobal
